
Microsoft Visual Studio Solution File, Format Version 12.00
# Visual Studio Version 16
VisualStudioVersion = 16.0.30611.23
MinimumVisualStudioVersion = 10.0.40219.1
Project("{FAE04EC0-301F-11D3-BF4B-00C04F79EFBC}") = "Demo", "Demo\Demo.csproj", "{B0D03ABB-B415-4014-9239-941574E84CC6}"
EndProject
Project("{FAE04EC0-301F-11D3-BF4B-00C04F79EFBC}") = "Demo.Abstractions", "Demo.Abstractions\Demo.Abstractions.csproj", "{D1F076DC-72FB-4533-A9CF-166EDF0414D3}"
EndProject
Global
	GlobalSection(SolutionConfigurationPlatforms) = preSolution
		Debug|Any CPU = Debug|Any CPU
		Release|Any CPU = Release|Any CPU
	EndGlobalSection
	GlobalSection(ProjectConfigurationPlatforms) = postSolution
		{B0D03ABB-B415-4014-9239-941574E84CC6}.Debug|Any CPU.ActiveCfg = Debug|Any CPU
		{B0D03ABB-B415-4014-9239-941574E84CC6}.Debug|Any CPU.Build.0 = Debug|Any CPU
		{B0D03ABB-B415-4014-9239-941574E84CC6}.Release|Any CPU.ActiveCfg = Release|Any CPU
		{B0D03ABB-B415-4014-9239-941574E84CC6}.Release|Any CPU.Build.0 = Release|Any CPU
		{D1F076DC-72FB-4533-A9CF-166EDF0414D3}.Debug|Any CPU.ActiveCfg = Debug|Any CPU
		{D1F076DC-72FB-4533-A9CF-166EDF0414D3}.Debug|Any CPU.Build.0 = Debug|Any CPU
		{D1F076DC-72FB-4533-A9CF-166EDF0414D3}.Release|Any CPU.ActiveCfg = Release|Any CPU
		{D1F076DC-72FB-4533-A9CF-166EDF0414D3}.Release|Any CPU.Build.0 = Release|Any CPU
	EndGlobalSection
	GlobalSection(SolutionProperties) = preSolution
		HideSolutionNode = FALSE
	EndGlobalSection
	GlobalSection(ExtensibilityGlobals) = postSolution
		SolutionGuid = {3A2A184C-5787-4373-8422-5AD3602704C5}
	EndGlobalSection
EndGlobal
